{
  "originHash" : "22e32a6fd238cdc2204588ca2c08d8882634612ee0d81fc07312c2d5741dcade",
  "pins" : [
    {
      "identity" : "swift-argument-parser",
      "kind" : "remoteSourceControl",
      "location" : "https://github.com/apple/swift-argument-parser.git",
      "state" : {
        "revision" : "cdd0ef3755280949551dc26dee5de9ddeda89f54",
        "version" : "1.6.2"
      }
    },
    {
      "identity" : "xestitext",
      "kind" : "remoteSourceControl",
      "location" : "https://github.com/eBardX/XestiText.git",
      "state" : {
        "branch" : "swift-6.2-support",
        "revision" : "95f137fb1a98957e076107bfceca0ebb33409b5e"
      }
    },
    {
      "identity" : "xestitools",
      "kind" : "remoteSourceControl",
      "location" : "https://github.com/eBardX/XestiTools.git",
      "state" : {
        "branch" : "swift-6.2-support",
        "revision" : "2f832101dc3031d1b6a30f7bbc5339eee88dddb1"
      }
    },
    {
      "identity" : "xestixml",
      "kind" : "remoteSourceControl",
      "location" : "https://github.com/eBardX/XestiXML.git",
      "state" : {
        "branch" : "swift-6.2-support",
        "revision" : "5820b9e2d7110971395317d9042dc992aff51baa"
      }
    },
    {
      "identity" : "zipfoundation",
      "kind" : "remoteSourceControl",
      "location" : "https://github.com/weichsel/ZIPFoundation.git",
      "state" : {
        "revision" : "22787ffb59de99e5dc1fbfe80b19c97a904ad48d",
        "version" : "0.9.20"
      }
    }
  ],
  "version" : 3
}
